Microsoft Visual Studio Solution File, Format Version 12.00
# Visual Studio Version 17
VisualStudioVersion = 17.5.2.0
MinimumVisualStudioVersion = 10.0.40219.1
Project("{FAE04EC0-301F-11D3-BF4B-00C04F79EFBC}") = "sharp-shop", "sharp-shop.csproj", "{BE11F1B5-8114-BAF2-8303-7EC0953F9067}"
EndProject
Global
	GlobalSection(SolutionConfigurationPlatforms) = preSolution
		Debug|Any CPU = Debug|Any CPU
		Release|Any CPU = Release|Any CPU
	EndGlobalSection
	GlobalSection(ProjectConfigurationPlatforms) = postSolution
		{BE11F1B5-8114-BAF2-8303-7EC0953F9067}.Debug|Any CPU.ActiveCfg = Debug|Any CPU
		{BE11F1B5-8114-BAF2-8303-7EC0953F9067}.Debug|Any CPU.Build.0 = Debug|Any CPU
		{BE11F1B5-8114-BAF2-8303-7EC0953F9067}.Release|Any CPU.ActiveCfg = Release|Any CPU
		{BE11F1B5-8114-BAF2-8303-7EC0953F9067}.Release|Any CPU.Build.0 = Release|Any CPU
	EndGlobalSection
	GlobalSection(SolutionProperties) = preSolution
		HideSolutionNode = FALSE
	EndGlobalSection
	GlobalSection(ExtensibilityGlobals) = postSolution
		SolutionGuid = {AA24A7E9-E36D-4DE0-9897-38766AF2A24B}
	EndGlobalSection
EndGlobal
